
Microsoft Visual Studio Solution File, Format Version 12.00
# Visual Studio Version 17
VisualStudioVersion = 17.8.34525.116
MinimumVisualStudioVersion = 10.0.40219.1
Project("{9A19103F-16F7-4668-BE54-9A1E7A4F7556}") = "ParkingSystem", "ParkingSystem\ParkingSystem.csproj", "{3C3A6591-67D4-4002-B855-6CA1DA318EA1}"
EndProject
Project("{9A19103F-16F7-4668-BE54-9A1E7A4F7556}") = "ParkingSystemInheritance", "ParkingSystemInheritance\ParkingSystemInheritance.csproj", "{6FCB74F3-A2C0-4AA5-B6BC-C155DD486395}"
EndProject
Project("{FAE04EC0-301F-11D3-BF4B-00C04F79EFBC}") = "ParkPlanner", "ParkPlanner\ParkPlanner.csproj", "{7BD4AC6B-3BE8-4FFB-A459-F12C03E0DB11}"
EndProject
Global
	GlobalSection(SolutionConfigurationPlatforms) = preSolution
		Debug|Any CPU = Debug|Any CPU
		Release|Any CPU = Release|Any CPU
	EndGlobalSection
	GlobalSection(ProjectConfigurationPlatforms) = postSolution
		{3C3A6591-67D4-4002-B855-6CA1DA318EA1}.Debug|Any CPU.ActiveCfg = Debug|Any CPU
		{3C3A6591-67D4-4002-B855-6CA1DA318EA1}.Debug|Any CPU.Build.0 = Debug|Any CPU
		{3C3A6591-67D4-4002-B855-6CA1DA318EA1}.Release|Any CPU.ActiveCfg = Release|Any CPU
		{3C3A6591-67D4-4002-B855-6CA1DA318EA1}.Release|Any CPU.Build.0 = Release|Any CPU
		{6FCB74F3-A2C0-4AA5-B6BC-C155DD486395}.Debug|Any CPU.ActiveCfg = Debug|Any CPU
		{6FCB74F3-A2C0-4AA5-B6BC-C155DD486395}.Debug|Any CPU.Build.0 = Debug|Any CPU
		{6FCB74F3-A2C0-4AA5-B6BC-C155DD486395}.Release|Any CPU.ActiveCfg = Release|Any CPU
		{6FCB74F3-A2C0-4AA5-B6BC-C155DD486395}.Release|Any CPU.Build.0 = Release|Any CPU
		{7BD4AC6B-3BE8-4FFB-A459-F12C03E0DB11}.Debug|Any CPU.ActiveCfg = Debug|Any CPU
		{7BD4AC6B-3BE8-4FFB-A459-F12C03E0DB11}.Debug|Any CPU.Build.0 = Debug|Any CPU
		{7BD4AC6B-3BE8-4FFB-A459-F12C03E0DB11}.Release|Any CPU.ActiveCfg = Release|Any CPU
		{7BD4AC6B-3BE8-4FFB-A459-F12C03E0DB11}.Release|Any CPU.Build.0 = Release|Any CPU
	EndGlobalSection
	GlobalSection(SolutionProperties) = preSolution
		HideSolutionNode = FALSE
	EndGlobalSection
	GlobalSection(ExtensibilityGlobals) = postSolution
		SolutionGuid = {0FF46F96-173A-4618-AA26-4D4D5E2A04F3}
	EndGlobalSection
EndGlobal
